// !$*UTF8*$!
{
	archiveVersion = 1;
	classes = {
	};
	objectVersion = 46;
	objects = {

/* Begin PBXBuildFile section */
		BC0CA12A1CCBB1F300C89EB9 /* Counter.swift in Sources */ = {isa = PBXBuildFile; fileRef = BC0CA1291CCBB1F300C89EB9 /* Counter.swift */; };
		BC0CA12C1CCBB6C000C89EB9 /* CounterTests.swift in Sources */ = {isa = PBXBuildFile; fileRef = BC0CA12B1CCBB6C000C89EB9 /* CounterTests.swift */; };
		BC2E22FE1CD121A7007DA3AF /* CountSecondFormatterTests.swift in Sources */ = {isa = PBXBuildFile; fileRef = BC2E22FD1CD121A7007DA3AF /* CountSecondFormatterTests.swift */; settings = {ASSET_TAGS = (); }; };
		BC53D4051CD505F000F9C1C3 /* CountMinuteFormatterTests.swift in Sources */ = {isa = PBXBuildFile; fileRef = BC53D4041CD505F000F9C1C3 /* CountMinuteFormatterTests.swift */; settings = {ASSET_TAGS = (); }; };
		BC53D4071CD516D800F9C1C3 /* BaseCountFormatter.swift in Sources */ = {isa = PBXBuildFile; fileRef = BC53D4061CD516D800F9C1C3 /* BaseCountFormatter.swift */; settings = {ASSET_TAGS = (); }; };
		BC53D4081CD5173700F9C1C3 /* BaseCountFormatter.swift in Sources */ = {isa = PBXBuildFile; fileRef = BC53D4061CD516D800F9C1C3 /* BaseCountFormatter.swift */; settings = {ASSET_TAGS = (); }; };
		BC53D40C1CD51AB300F9C1C3 /* CountHourFormatterTests.swift in Sources */ = {isa = PBXBuildFile; fileRef = BC53D40B1CD51AB300F9C1C3 /* CountHourFormatterTests.swift */; settings = {ASSET_TAGS = (); }; };
		BC76F9FF1CCC43CA00701C15 /* TimerCounter.swift in Sources */ = {isa = PBXBuildFile; fileRef = BC76F9FE1CCC43CA00701C15 /* TimerCounter.swift */; settings = {ASSET_TAGS = (); }; };
		BC76FA001CCC43CA00701C15 /* TimerCounter.swift in Sources */ = {isa = PBXBuildFile; fileRef = BC76F9FE1CCC43CA00701C15 /* TimerCounter.swift */; settings = {ASSET_TAGS = (); }; };
		BC76FA021CCC488800701C15 /* TimerCounterTests.swift in Sources */ = {isa = PBXBuildFile; fileRef = BC76FA011CCC488800701C15 /* TimerCounterTests.swift */; settings = {ASSET_TAGS = (); }; };
		BC76FA031CCC4C6200701C15 /* Timer.swift in Sources */ = {isa = PBXBuildFile; fileRef = BC9390531CC01DA2000A951E /* Timer.swift */; settings = {ASSET_TAGS = (); }; };
		BC76FA041CCC4C8800701C15 /* Counter.swift in Sources */ = {isa = PBXBuildFile; fileRef = BC0CA1291CCBB1F300C89EB9 /* Counter.swift */; settings = {ASSET_TAGS = (); }; };
		BC76FA071CCD0DFD00701C15 /* TestSpy.swift in Sources */ = {isa = PBXBuildFile; fileRef = BC76FA061CCD0DFD00701C15 /* TestSpy.swift */; settings = {ASSET_TAGS = (); }; };
		BC76FA081CCD0DFD00701C15 /* TestSpy.swift in Sources */ = {isa = PBXBuildFile; fileRef = BC76FA061CCD0DFD00701C15 /* TestSpy.swift */; settings = {ASSET_TAGS = (); }; };
		BC76FA0D1CCD39E800701C15 /* TimerInterval.swift in Sources */ = {isa = PBXBuildFile; fileRef = BC76FA0C1CCD39E800701C15 /* TimerInterval.swift */; settings = {ASSET_TAGS = (); }; };
		BC76FA0E1CCD39E800701C15 /* TimerInterval.swift in Sources */ = {isa = PBXBuildFile; fileRef = BC76FA0C1CCD39E800701C15 /* TimerInterval.swift */; settings = {ASSET_TAGS = (); }; };
		BC76FA101CCD3E6700701C15 /* CountHundreathFormatterTests.swift in Sources */ = {isa = PBXBuildFile; fileRef = BC76FA0F1CCD3E6700701C15 /* CountHundreathFormatterTests.swift */; settings = {ASSET_TAGS = (); }; };
		BC76FA121CCD48AA00701C15 /* CountHundreathFormatter.swift in Sources */ = {isa = PBXBuildFile; fileRef = BC76FA111CCD48AA00701C15 /* CountHundreathFormatter.swift */; settings = {ASSET_TAGS = (); }; };
		BC76FA131CCD48AA00701C15 /* CountHundreathFormatter.swift in Sources */ = {isa = PBXBuildFile; fileRef = BC76FA111CCD48AA00701C15 /* CountHundreathFormatter.swift */; settings = {ASSET_TAGS = (); }; };
		BC76FA141CCD49FD00701C15 /* CountFormattingProtocol.swift in Sources */ = {isa = PBXBuildFile; fileRef = BC9390551CC02E96000A951E /* CountFormattingProtocol.swift */; settings = {ASSET_TAGS = (); }; };
		BC76FA161CCD4A1700701C15 /* CountSecondFormatter.swift in Sources */ = {isa = PBXBuildFile; fileRef = BC76FA151CCD4A1700701C15 /* CountSecondFormatter.swift */; settings = {ASSET_TAGS = (); }; };
		BC76FA171CCD4A1700701C15 /* CountSecondFormatter.swift in Sources */ = {isa = PBXBuildFile; fileRef = BC76FA151CCD4A1700701C15 /* CountSecondFormatter.swift */; settings = {ASSET_TAGS = (); }; };
		BC76FA191CCD4A7000701C15 /* CountMinuteFormatter.swift in Sources */ = {isa = PBXBuildFile; fileRef = BC76FA181CCD4A7000701C15 /* CountMinuteFormatter.swift */; settings = {ASSET_TAGS = (); }; };
		BC76FA1A1CCD4A7000701C15 /* CountMinuteFormatter.swift in Sources */ = {isa = PBXBuildFile; fileRef = BC76FA181CCD4A7000701C15 /* CountMinuteFormatter.swift */; settings = {ASSET_TAGS = (); }; };
		BC76FA1C1CCD4A9800701C15 /* CountHourFormatter.swift in Sources */ = {isa = PBXBuildFile; fileRef = BC76FA1B1CCD4A9800701C15 /* CountHourFormatter.swift */; settings = {ASSET_TAGS = (); }; };
		BC76FA1D1CCD4A9800701C15 /* CountHourFormatter.swift in Sources */ = {isa = PBXBuildFile; fileRef = BC76FA1B1CCD4A9800701C15 /* CountHourFormatter.swift */; settings = {ASSET_TAGS = (); }; };
		BC8186311CDD4C9B00763382 /* BaseCountFormatterTests.swift in Sources */ = {isa = PBXBuildFile; fileRef = BC8186301CDD4C9B00763382 /* BaseCountFormatterTests.swift */; settings = {ASSET_TAGS = (); }; };
		BC8186351CDE4AA100763382 /* TimeFormattingProtocol.swift in Sources */ = {isa = PBXBuildFile; fileRef = BC8186341CDE4AA100763382 /* TimeFormattingProtocol.swift */; settings = {ASSET_TAGS = (); }; };
		BC8186371CDE4B1E00763382 /* TimeSecondHundreathFormatter.swift in Sources */ = {isa = PBXBuildFile; fileRef = BC8186361CDE4B1E00763382 /* TimeSecondHundreathFormatter.swift */; settings = {ASSET_TAGS = (); }; };
		BC8186391CDE4CC700763382 /* TimeMinuteSecondHundreathFormatter.swift in Sources */ = {isa = PBXBuildFile; fileRef = BC8186381CDE4CC700763382 /* TimeMinuteSecondHundreathFormatter.swift */; settings = {ASSET_TAGS = (); }; };
		BC81863D1CDE4EE700763382 /* TimeHoureMinuteSecondFormatter.swift in Sources */ = {isa = PBXBuildFile; fileRef = BC81863C1CDE4EE700763382 /* TimeHoureMinuteSecondFormatter.swift */; settings = {ASSET_TAGS = (); }; };
		BC8186411CDE502600763382 /* BaseTimeFormatter.swift in Sources */ = {isa = PBXBuildFile; fileRef = BC8186401CDE502600763382 /* BaseTimeFormatter.swift */; settings = {ASSET_TAGS = (); }; };
		BC8186451CDE544500763382 /* BaseTimeFormatterTests.swift in Sources */ = {isa = PBXBuildFile; fileRef = BC8186441CDE544500763382 /* BaseTimeFormatterTests.swift */; settings = {ASSET_TAGS = (); }; };
		BC8186461CDE547000763382 /* BaseTimeFormatter.swift in Sources */ = {isa = PBXBuildFile; fileRef = BC8186401CDE502600763382 /* BaseTimeFormatter.swift */; settings = {ASSET_TAGS = (); }; };
		BC8186471CDE55E900763382 /* TimeSecondHundreathFormatter.swift in Sources */ = {isa = PBXBuildFile; fileRef = BC8186361CDE4B1E00763382 /* TimeSecondHundreathFormatter.swift */; settings = {ASSET_TAGS = (); }; };
		BC8186481CDE55EC00763382 /* TimeMinuteSecondHundreathFormatter.swift in Sources */ = {isa = PBXBuildFile; fileRef = BC8186381CDE4CC700763382 /* TimeMinuteSecondHundreathFormatter.swift */; settings = {ASSET_TAGS = (); }; };
		BC8186491CDE55EF00763382 /* TimeHoureMinuteSecondFormatter.swift in Sources */ = {isa = PBXBuildFile; fileRef = BC81863C1CDE4EE700763382 /* TimeHoureMinuteSecondFormatter.swift */; settings = {ASSET_TAGS = (); }; };
		BC81864B1CDE560B00763382 /* TimeHourMinuteSecondFormatterTests.swift in Sources */ = {isa = PBXBuildFile; fileRef = BC81864A1CDE560B00763382 /* TimeHourMinuteSecondFormatterTests.swift */; settings = {ASSET_TAGS = (); }; };
		BC81864C1CDE562F00763382 /* TimeFormattingProtocol.swift in Sources */ = {isa = PBXBuildFile; fileRef = BC8186341CDE4AA100763382 /* TimeFormattingProtocol.swift */; settings = {ASSET_TAGS = (); }; };
		BC81864E1CDE567900763382 /* TimeMinuteSecondHundreathFormatterTests.swift in Sources */ = {isa = PBXBuildFile; fileRef = BC81864D1CDE567900763382 /* TimeMinuteSecondHundreathFormatterTests.swift */; settings = {ASSET_TAGS = (); }; };
		BC8186501CDE56A100763382 /* TimeSecondHundreathFormatterTests.swift in Sources */ = {isa = PBXBuildFile; fileRef = BC81864F1CDE56A100763382 /* TimeSecondHundreathFormatterTests.swift */; settings = {ASSET_TAGS = (); }; };
		BC8186521CDE862000763382 /* StopWatchTimeFormatter.swift in Sources */ = {isa = PBXBuildFile; fileRef = BC8186511CDE862000763382 /* StopWatchTimeFormatter.swift */; settings = {ASSET_TAGS = (); }; };
		BC8186541CDE87B100763382 /* StopWatchTimerFormats.swift in Sources */ = {isa = PBXBuildFile; fileRef = BC8186531CDE87B100763382 /* StopWatchTimerFormats.swift */; settings = {ASSET_TAGS = (); }; };
		BC9291981D0A237C00832A4F /* SaveTimeViewController.swift in Sources */ = {isa = PBXBuildFile; fileRef = BC9291971D0A237C00832A4F /* SaveTimeViewController.swift */; settings = {ASSET_TAGS = (); }; };
		BC9390321CBFCDDE000A951E /* AppDelegate.swift in Sources */ = {isa = PBXBuildFile; fileRef = BC9390311CBFCDDE000A951E /* AppDelegate.swift */; };
		BC9390341CBFCDDE000A951E /* ViewController.swift in Sources */ = {isa = PBXBuildFile; fileRef = BC9390331CBFCDDE000A951E /* ViewController.swift */; };
		BC9390371CBFCDDE000A951E /* Main.storyboard in Resources */ = {isa = PBXBuildFile; fileRef = BC9390351CBFCDDE000A951E /* Main.storyboard */; };
		BC9390391CBFCDDE000A951E /* Images.xcassets in Resources */ = {isa = PBXBuildFile; fileRef = BC9390381CBFCDDE000A951E /* Images.xcassets */; };
		BC93903C1CBFCDDE000A951E /* LaunchScreen.xib in Resources */ = {isa = PBXBuildFile; fileRef = BC93903A1CBFCDDE000A951E /* LaunchScreen.xib */; };
		BC9390481CBFCDDE000A951E /* TimerTests.swift in Sources */ = {isa = PBXBuildFile; fileRef = BC9390471CBFCDDE000A951E /* TimerTests.swift */; };
		BC9390541CC01DA2000A951E /* Timer.swift in Sources */ = {isa = PBXBuildFile; fileRef = BC9390531CC01DA2000A951E /* Timer.swift */; };
		BC9390561CC02E96000A951E /* CountFormattingProtocol.swift in Sources */ = {isa = PBXBuildFile; fileRef = BC9390551CC02E96000A951E /* CountFormattingProtocol.swift */; };
		BC95E72A1D10949C00201329 /* StopWatchTimerFormatsErrors.swift in Sources */ = {isa = PBXBuildFile; fileRef = BC95E7291D10949C00201329 /* StopWatchTimerFormatsErrors.swift */; settings = {ASSET_TAGS = (); }; };
		BCE400F21D0B6337000A19C5 /* TimerCounterInstance.swift in Sources */ = {isa = PBXBuildFile; fileRef = BCE400F11D0B6337000A19C5 /* TimerCounterInstance.swift */; settings = {ASSET_TAGS = (); }; };
		BCE400F41D0B6367000A19C5 /* StopWatchTimeFormatterInstance.swift in Sources */ = {isa = PBXBuildFile; fileRef = BCE400F31D0B6367000A19C5 /* StopWatchTimeFormatterInstance.swift */; settings = {ASSET_TAGS = (); }; };
/* End PBXBuildFile section */

/* Begin PBXContainerItemProxy section */
		BC9390421CBFCDDE000A951E /* PBXContainerItemProxy */ = {
			isa = PBXContainerItemProxy;
			containerPortal = BC9390241CBFCDDE000A951E /* Project object */;
			proxyType = 1;
			remoteGlobalIDString = BC93902B1CBFCDDE000A951E;
			remoteInfo = StopWatchTimer;
		};
/* End PBXContainerItemProxy section */

/* Begin PBXFileReference section */
		BC0CA1291CCBB1F300C89EB9 /* Counter.swift */ = {isa = PBXFileReference; fileEncoding = 4; lastKnownFileType = sourcecode.swift; path = Counter.swift; sourceTree = "<group>"; };
		BC0CA12B1CCBB6C000C89EB9 /* CounterTests.swift */ = {isa = PBXFileReference; fileEncoding = 4; lastKnownFileType = sourcecode.swift; path = CounterTests.swift; sourceTree = "<group>"; };
		BC2E22FD1CD121A7007DA3AF /* CountSecondFormatterTests.swift */ = {isa = PBXFileReference; fileEncoding = 4; lastKnownFileType = sourcecode.swift; path = CountSecondFormatterTests.swift; sourceTree = "<group>"; };
		BC53D4041CD505F000F9C1C3 /* CountMinuteFormatterTests.swift */ = {isa = PBXFileReference; fileEncoding = 4; lastKnownFileType = sourcecode.swift; path = CountMinuteFormatterTests.swift; sourceTree = "<group>"; };
		BC53D4061CD516D800F9C1C3 /* BaseCountFormatter.swift */ = {isa = PBXFileReference; fileEncoding = 4; lastKnownFileType = sourcecode.swift; path = BaseCountFormatter.swift; sourceTree = "<group>"; };
		BC53D40B1CD51AB300F9C1C3 /* CountHourFormatterTests.swift */ = {isa = PBXFileReference; fileEncoding = 4; lastKnownFileType = sourcecode.swift; path = CountHourFormatterTests.swift; sourceTree = "<group>"; };
		BC76F9FE1CCC43CA00701C15 /* TimerCounter.swift */ = {isa = PBXFileReference; fileEncoding = 4; lastKnownFileType = sourcecode.swift; path = TimerCounter.swift; sourceTree = "<group>"; };
		BC76FA011CCC488800701C15 /* TimerCounterTests.swift */ = {isa = PBXFileReference; fileEncoding = 4; lastKnownFileType = sourcecode.swift; path = TimerCounterTests.swift; sourceTree = "<group>"; };
		BC76FA061CCD0DFD00701C15 /* TestSpy.swift */ = {isa = PBXFileReference; fileEncoding = 4; lastKnownFileType = sourcecode.swift; path = TestSpy.swift; sourceTree = "<group>"; };
		BC76FA0C1CCD39E800701C15 /* TimerInterval.swift */ = {isa = PBXFileReference; fileEncoding = 4; lastKnownFileType = sourcecode.swift; path = TimerInterval.swift; sourceTree = "<group>"; };
		BC76FA0F1CCD3E6700701C15 /* CountHundreathFormatterTests.swift */ = {isa = PBXFileReference; fileEncoding = 4; lastKnownFileType = sourcecode.swift; path = CountHundreathFormatterTests.swift; sourceTree = "<group>"; };
		BC76FA111CCD48AA00701C15 /* CountHundreathFormatter.swift */ = {isa = PBXFileReference; fileEncoding = 4; lastKnownFileType = sourcecode.swift; path = CountHundreathFormatter.swift; sourceTree = "<group>"; };
		BC76FA151CCD4A1700701C15 /* CountSecondFormatter.swift */ = {isa = PBXFileReference; fileEncoding = 4; lastKnownFileType = sourcecode.swift; path = CountSecondFormatter.swift; sourceTree = "<group>"; };
		BC76FA181CCD4A7000701C15 /* CountMinuteFormatter.swift */ = {isa = PBXFileReference; fileEncoding = 4; lastKnownFileType = sourcecode.swift; path = CountMinuteFormatter.swift; sourceTree = "<group>"; };
		BC76FA1B1CCD4A9800701C15 /* CountHourFormatter.swift */ = {isa = PBXFileReference; fileEncoding = 4; lastKnownFileType = sourcecode.swift; path = CountHourFormatter.swift; sourceTree = "<group>"; };
		BC8186301CDD4C9B00763382 /* BaseCountFormatterTests.swift */ = {isa = PBXFileReference; fileEncoding = 4; lastKnownFileType = sourcecode.swift; path = BaseCountFormatterTests.swift; sourceTree = "<group>"; };
		BC8186341CDE4AA100763382 /* TimeFormattingProtocol.swift */ = {isa = PBXFileReference; fileEncoding = 4; lastKnownFileType = sourcecode.swift; path = TimeFormattingProtocol.swift; sourceTree = "<group>"; };
		BC8186361CDE4B1E00763382 /* TimeSecondHundreathFormatter.swift */ = {isa = PBXFileReference; fileEncoding = 4; lastKnownFileType = sourcecode.swift; path = TimeSecondHundreathFormatter.swift; sourceTree = "<group>"; };
		BC8186381CDE4CC700763382 /* TimeMinuteSecondHundreathFormatter.swift */ = {isa = PBXFileReference; fileEncoding = 4; lastKnownFileType = sourcecode.swift; path = TimeMinuteSecondHundreathFormatter.swift; sourceTree = "<group>"; };
		BC81863C1CDE4EE700763382 /* TimeHoureMinuteSecondFormatter.swift */ = {isa = PBXFileReference; fileEncoding = 4; lastKnownFileType = sourcecode.swift; path = TimeHoureMinuteSecondFormatter.swift; sourceTree = "<group>"; };
		BC8186401CDE502600763382 /* BaseTimeFormatter.swift */ = {isa = PBXFileReference; fileEncoding = 4; lastKnownFileType = sourcecode.swift; path = BaseTimeFormatter.swift; sourceTree = "<group>"; };
		BC8186441CDE544500763382 /* BaseTimeFormatterTests.swift */ = {isa = PBXFileReference; fileEncoding = 4; lastKnownFileType = sourcecode.swift; path = BaseTimeFormatterTests.swift; sourceTree = "<group>"; };
		BC81864A1CDE560B00763382 /* TimeHourMinuteSecondFormatterTests.swift */ = {isa = PBXFileReference; fileEncoding = 4; lastKnownFileType = sourcecode.swift; path = TimeHourMinuteSecondFormatterTests.swift; sourceTree = "<group>"; };
		BC81864D1CDE567900763382 /* TimeMinuteSecondHundreathFormatterTests.swift */ = {isa = PBXFileReference; fileEncoding = 4; lastKnownFileType = sourcecode.swift; path = TimeMinuteSecondHundreathFormatterTests.swift; sourceTree = "<group>"; };
		BC81864F1CDE56A100763382 /* TimeSecondHundreathFormatterTests.swift */ = {isa = PBXFileReference; fileEncoding = 4; lastKnownFileType = sourcecode.swift; path = TimeSecondHundreathFormatterTests.swift; sourceTree = "<group>"; };
		BC8186511CDE862000763382 /* StopWatchTimeFormatter.swift */ = {isa = PBXFileReference; fileEncoding = 4; lastKnownFileType = sourcecode.swift; path = StopWatchTimeFormatter.swift; sourceTree = "<group>"; };
		BC8186531CDE87B100763382 /* StopWatchTimerFormats.swift */ = {isa = PBXFileReference; fileEncoding = 4; lastKnownFileType = sourcecode.swift; path = StopWatchTimerFormats.swift; sourceTree = "<group>"; };
		BC9291971D0A237C00832A4F /* SaveTimeViewController.swift */ = {isa = PBXFileReference; fileEncoding = 4; lastKnownFileType = sourcecode.swift; path = SaveTimeViewController.swift; sourceTree = "<group>"; };
		BC93902C1CBFCDDE000A951E /* StopWatchTimer.app */ = {isa = PBXFileReference; explicitFileType = wrapper.application; includeInIndex = 0; path = StopWatchTimer.app; sourceTree = BUILT_PRODUCTS_DIR; };
		BC9390301CBFCDDE000A951E /* Info.plist */ = {isa = PBXFileReference; lastKnownFileType = text.plist.xml; path = Info.plist; sourceTree = "<group>"; };
		BC9390311CBFCDDE000A951E /* AppDelegate.swift */ = {isa = PBXFileReference; lastKnownFileType = sourcecode.swift; path = AppDelegate.swift; sourceTree = "<group>"; };
		BC9390331CBFCDDE000A951E /* ViewController.swift */ = {isa = PBXFileReference; lastKnownFileType = sourcecode.swift; path = ViewController.swift; sourceTree = "<group>"; };
		BC9390361CBFCDDE000A951E /* Base */ = {isa = PBXFileReference; lastKnownFileType = file.storyboard; name = Base; path = Base.lproj/Main.storyboard; sourceTree = "<group>"; };
		BC9390381CBFCDDE000A951E /* Images.xcassets */ = {isa = PBXFileReference; lastKnownFileType = folder.assetcatalog; path = Images.xcassets; sourceTree = "<group>"; };
		BC93903B1CBFCDDE000A951E /* Base */ = {isa = PBXFileReference; lastKnownFileType = file.xib; name = Base; path = Base.lproj/LaunchScreen.xib; sourceTree = "<group>"; };
		BC9390411CBFCDDE000A951E /* StopWatchTimerTests.xctest */ = {isa = PBXFileReference; explicitFileType = wrapper.cfbundle; includeInIndex = 0; path = StopWatchTimerTests.xctest; sourceTree = BUILT_PRODUCTS_DIR; };
		BC9390461CBFCDDE000A951E /* Info.plist */ = {isa = PBXFileReference; lastKnownFileType = text.plist.xml; path = Info.plist; sourceTree = "<group>"; };
		BC9390471CBFCDDE000A951E /* TimerTests.swift */ = {isa = PBXFileReference; lastKnownFileType = sourcecode.swift; path = TimerTests.swift; sourceTree = "<group>"; };
		BC9390531CC01DA2000A951E /* Timer.swift */ = {isa = PBXFileReference; fileEncoding = 4; lastKnownFileType = sourcecode.swift; path = Timer.swift; sourceTree = SOURCE_ROOT; };
		BC9390551CC02E96000A951E /* CountFormattingProtocol.swift */ = {isa = PBXFileReference; fileEncoding = 4; lastKnownFileType = sourcecode.swift; path = CountFormattingProtocol.swift; sourceTree = "<group>"; };
		BC95E7291D10949C00201329 /* StopWatchTimerFormatsErrors.swift */ = {isa = PBXFileReference; fileEncoding = 4; lastKnownFileType = sourcecode.swift; path = StopWatchTimerFormatsErrors.swift; sourceTree = "<group>"; };
		BCE400F11D0B6337000A19C5 /* TimerCounterInstance.swift */ = {isa = PBXFileReference; fileEncoding = 4; lastKnownFileType = sourcecode.swift; path = TimerCounterInstance.swift; sourceTree = "<group>"; };
		BCE400F31D0B6367000A19C5 /* StopWatchTimeFormatterInstance.swift */ = {isa = PBXFileReference; fileEncoding = 4; lastKnownFileType = sourcecode.swift; path = StopWatchTimeFormatterInstance.swift; sourceTree = "<group>"; };
/* End PBXFileReference section */

/* Begin PBXFrameworksBuildPhase section */
		BC9390291CBFCDDE000A951E /* Frameworks */ = {
			isa = PBXFrameworksBuildPhase;
			buildActionMask = 2147483647;
			files = (
			);
			runOnlyForDeploymentPostprocessing = 0;
		};
		BC93903E1CBFCDDE000A951E /* Frameworks */ = {
			isa = PBXFrameworksBuildPhase;
			buildActionMask = 2147483647;
			files = (
			);
			runOnlyForDeploymentPostprocessing = 0;
		};
/* End PBXFrameworksBuildPhase section */

/* Begin PBXGroup section */
		BC9390231CBFCDDE000A951E = {
			isa = PBXGroup;
			children = (
				BC93902E1CBFCDDE000A951E /* StopWatchTimer */,
				BC9390441CBFCDDE000A951E /* StopWatchTimerTests */,
				BC93902D1CBFCDDE000A951E /* Products */,
			);
			sourceTree = "<group>";
		};
		BC93902D1CBFCDDE000A951E /* Products */ = {
			isa = PBXGroup;
			children = (
				BC93902C1CBFCDDE000A951E /* StopWatchTimer.app */,
				BC9390411CBFCDDE000A951E /* StopWatchTimerTests.xctest */,
			);
			name = Products;
			sourceTree = "<group>";
		};
		BC93902E1CBFCDDE000A951E /* StopWatchTimer */ = {
			isa = PBXGroup;
			children = (
				BC9390311CBFCDDE000A951E /* AppDelegate.swift */,
				BC9390331CBFCDDE000A951E /* ViewController.swift */,
				BC9291971D0A237C00832A4F /* SaveTimeViewController.swift */,
				BCE400F11D0B6337000A19C5 /* TimerCounterInstance.swift */,
				BC93902F1CBFCDDE000A951E /* Supporting Files */,
				BC9390531CC01DA2000A951E /* Timer.swift */,
				BC76FA0C1CCD39E800701C15 /* TimerInterval.swift */,
				BC0CA1291CCBB1F300C89EB9 /* Counter.swift */,
				BC76F9FE1CCC43CA00701C15 /* TimerCounter.swift */,
				BC8186511CDE862000763382 /* StopWatchTimeFormatter.swift */,
				BC8186531CDE87B100763382 /* StopWatchTimerFormats.swift */,
				BC95E7291D10949C00201329 /* StopWatchTimerFormatsErrors.swift */,
				BC9390551CC02E96000A951E /* CountFormattingProtocol.swift */,
				BC76FA1B1CCD4A9800701C15 /* CountHourFormatter.swift */,
				BC53D4061CD516D800F9C1C3 /* BaseCountFormatter.swift */,
				BC76FA111CCD48AA00701C15 /* CountHundreathFormatter.swift */,
				BC76FA151CCD4A1700701C15 /* CountSecondFormatter.swift */,
				BC76FA181CCD4A7000701C15 /* CountMinuteFormatter.swift */,
				BC8186341CDE4AA100763382 /* TimeFormattingProtocol.swift */,
				BC8186401CDE502600763382 /* BaseTimeFormatter.swift */,
				BC8186361CDE4B1E00763382 /* TimeSecondHundreathFormatter.swift */,
				BC8186381CDE4CC700763382 /* TimeMinuteSecondHundreathFormatter.swift */,
				BC81863C1CDE4EE700763382 /* TimeHoureMinuteSecondFormatter.swift */,
				BC9390351CBFCDDE000A951E /* Main.storyboard */,
				BC9390381CBFCDDE000A951E /* Images.xcassets */,
				BC93903A1CBFCDDE000A951E /* LaunchScreen.xib */,
				BCE400F31D0B6367000A19C5 /* StopWatchTimeFormatterInstance.swift */,
			);
			path = StopWatchTimer;
			sourceTree = "<group>";
		};
		BC93902F1CBFCDDE000A951E /* Supporting Files */ = {
			isa = PBXGroup;
			children = (
				BC9390301CBFCDDE000A951E /* Info.plist */,
			);
			name = "Supporting Files";
			sourceTree = "<group>";
		};
		BC9390441CBFCDDE000A951E /* StopWatchTimerTests */ = {
			isa = PBXGroup;
			children = (
				BC9390471CBFCDDE000A951E /* TimerTests.swift */,
				BC0CA12B1CCBB6C000C89EB9 /* CounterTests.swift */,
				BC76FA011CCC488800701C15 /* TimerCounterTests.swift */,
				BC8186301CDD4C9B00763382 /* BaseCountFormatterTests.swift */,
				BC76FA0F1CCD3E6700701C15 /* CountHundreathFormatterTests.swift */,
				BC2E22FD1CD121A7007DA3AF /* CountSecondFormatterTests.swift */,
				BC53D4041CD505F000F9C1C3 /* CountMinuteFormatterTests.swift */,
				BC53D40B1CD51AB300F9C1C3 /* CountHourFormatterTests.swift */,
				BC8186441CDE544500763382 /* BaseTimeFormatterTests.swift */,
				BC81864A1CDE560B00763382 /* TimeHourMinuteSecondFormatterTests.swift */,
				BC81864D1CDE567900763382 /* TimeMinuteSecondHundreathFormatterTests.swift */,
				BC81864F1CDE56A100763382 /* TimeSecondHundreathFormatterTests.swift */,
				BC9390451CBFCDDE000A951E /* Supporting Files */,
			);
			path = StopWatchTimerTests;
			sourceTree = "<group>";
		};
		BC9390451CBFCDDE000A951E /* Supporting Files */ = {
			isa = PBXGroup;
			children = (
				BC76FA061CCD0DFD00701C15 /* TestSpy.swift */,
				BC9390461CBFCDDE000A951E /* Info.plist */,
			);
			name = "Supporting Files";
			sourceTree = "<group>";
		};
/* End PBXGroup section */

/* Begin PBXNativeTarget section */
		BC93902B1CBFCDDE000A951E /* StopWatchTimer */ = {
			isa = PBXNativeTarget;
			buildConfigurationList = BC93904B1CBFCDDE000A951E /* Build configuration list for PBXNativeTarget "StopWatchTimer" */;
			buildPhases = (
				BC9390281CBFCDDE000A951E /* Sources */,
				BC9390291CBFCDDE000A951E /* Frameworks */,
				BC93902A1CBFCDDE000A951E /* Resources */,
			);
			buildRules = (
			);
			dependencies = (
			);
			name = StopWatchTimer;
			productName = StopWatchTimer;
			productReference = BC93902C1CBFCDDE000A951E /* StopWatchTimer.app */;
			productType = "com.apple.product-type.application";
		};
		BC9390401CBFCDDE000A951E /* StopWatchTimerTests */ = {
			isa = PBXNativeTarget;
			buildConfigurationList = BC93904E1CBFCDDE000A951E /* Build configuration list for PBXNativeTarget "StopWatchTimerTests" */;
			buildPhases = (
				BC93903D1CBFCDDE000A951E /* Sources */,
				BC93903E1CBFCDDE000A951E /* Frameworks */,
				BC93903F1CBFCDDE000A951E /* Resources */,
			);
			buildRules = (
			);
			dependencies = (
				BC9390431CBFCDDE000A951E /* PBXTargetDependency */,
			);
			name = StopWatchTimerTests;
			productName = StopWatchTimerTests;
			productReference = BC9390411CBFCDDE000A951E /* StopWatchTimerTests.xctest */;
			productType = "com.apple.product-type.bundle.unit-test";
		};
/* End PBXNativeTarget section */

/* Begin PBXProject section */
		BC9390241CBFCDDE000A951E /* Project object */ = {
			isa = PBXProject;
			attributes = {
				LastSwiftMigration = 0700;
				LastSwiftUpdateCheck = 0700;
				LastUpgradeCheck = 0700;
				ORGANIZATIONNAME = "Tyler Freeman";
				TargetAttributes = {
					BC93902B1CBFCDDE000A951E = {
						CreatedOnToolsVersion = 6.2;
					};
					BC9390401CBFCDDE000A951E = {
						CreatedOnToolsVersion = 6.2;
						TestTargetID = BC93902B1CBFCDDE000A951E;
					};
				};
			};
			buildConfigurationList = BC9390271CBFCDDE000A951E /* Build configuration list for PBXProject "StopWatchTimer" */;
			compatibilityVersion = "Xcode 3.2";
			developmentRegion = English;
			hasScannedForEncodings = 0;
			knownRegions = (
				en,
				Base,
			);
			mainGroup = BC9390231CBFCDDE000A951E;
			productRefGroup = BC93902D1CBFCDDE000A951E /* Products */;
			projectDirPath = "";
			projectRoot = "";
			targets = (
				BC93902B1CBFCDDE000A951E /* StopWatchTimer */,
				BC9390401CBFCDDE000A951E /* StopWatchTimerTests */,
			);
		};
/* End PBXProject section */

/* Begin PBXResourcesBuildPhase section */
		BC93902A1CBFCDDE000A951E /* Resources */ = {
			isa = PBXResourcesBuildPhase;
			buildActionMask = 2147483647;
			files = (
				BC9390371CBFCDDE000A951E /* Main.storyboard in Resources */,
				BC93903C1CBFCDDE000A951E /* LaunchScreen.xib in Resources */,
				BC9390391CBFCDDE000A951E /* Images.xcassets in Resources */,
			);
			runOnlyForDeploymentPostprocessing = 0;
		};
		BC93903F1CBFCDDE000A951E /* Resources */ = {
			isa = PBXResourcesBuildPhase;
			buildActionMask = 2147483647;
			files = (
			);
			runOnlyForDeploymentPostprocessing = 0;
		};
/* End PBXResourcesBuildPhase section */

/* Begin PBXSourcesBuildPhase section */
		BC9390281CBFCDDE000A951E /* Sources */ = {
			isa = PBXSourcesBuildPhase;
			buildActionMask = 2147483647;
			files = (
				BC9390341CBFCDDE000A951E /* ViewController.swift in Sources */,
				BC76FA1C1CCD4A9800701C15 /* CountHourFormatter.swift in Sources */,
				BC53D4071CD516D800F9C1C3 /* BaseCountFormatter.swift in Sources */,
				BC76FA191CCD4A7000701C15 /* CountMinuteFormatter.swift in Sources */,
				BC9390321CBFCDDE000A951E /* AppDelegate.swift in Sources */,
				BC81863D1CDE4EE700763382 /* TimeHoureMinuteSecondFormatter.swift in Sources */,
				BC9390541CC01DA2000A951E /* Timer.swift in Sources */,
				BC0CA12A1CCBB1F300C89EB9 /* Counter.swift in Sources */,
				BC8186391CDE4CC700763382 /* TimeMinuteSecondHundreathFormatter.swift in Sources */,
				BC76FA161CCD4A1700701C15 /* CountSecondFormatter.swift in Sources */,
				BC8186411CDE502600763382 /* BaseTimeFormatter.swift in Sources */,
				BCE400F21D0B6337000A19C5 /* TimerCounterInstance.swift in Sources */,
				BC76FA121CCD48AA00701C15 /* CountHundreathFormatter.swift in Sources */,
				BC8186541CDE87B100763382 /* StopWatchTimerFormats.swift in Sources */,
				BCE400F41D0B6367000A19C5 /* StopWatchTimeFormatterInstance.swift in Sources */,
				BC8186371CDE4B1E00763382 /* TimeSecondHundreathFormatter.swift in Sources */,
				BC76FA0D1CCD39E800701C15 /* TimerInterval.swift in Sources */,
				BC95E72A1D10949C00201329 /* StopWatchTimerFormatsErrors.swift in Sources */,
				BC9291981D0A237C00832A4F /* SaveTimeViewController.swift in Sources */,
				BC76F9FF1CCC43CA00701C15 /* TimerCounter.swift in Sources */,
				BC9390561CC02E96000A951E /* CountFormattingProtocol.swift in Sources */,
				BC76FA071CCD0DFD00701C15 /* TestSpy.swift in Sources */,
				BC8186351CDE4AA100763382 /* TimeFormattingProtocol.swift in Sources */,
				BC8186521CDE862000763382 /* StopWatchTimeFormatter.swift in Sources */,
			);
			runOnlyForDeploymentPostprocessing = 0;
		};
		BC93903D1CBFCDDE000A951E /* Sources */ = {
			isa = PBXSourcesBuildPhase;
			buildActionMask = 2147483647;
			files = (
				BC9390481CBFCDDE000A951E /* TimerTests.swift in Sources */,
				BC2E22FE1CD121A7007DA3AF /* CountSecondFormatterTests.swift in Sources */,
				BC76FA001CCC43CA00701C15 /* TimerCounter.swift in Sources */,
				BC8186501CDE56A100763382 /* TimeSecondHundreathFormatterTests.swift in Sources */,
				BC76FA041CCC4C8800701C15 /* Counter.swift in Sources */,
				BC76FA1A1CCD4A7000701C15 /* CountMinuteFormatter.swift in Sources */,
				BC8186311CDD4C9B00763382 /* BaseCountFormatterTests.swift in Sources */,
				BC76FA141CCD49FD00701C15 /* CountFormattingProtocol.swift in Sources */,
				BC81864B1CDE560B00763382 /* TimeHourMinuteSecondFormatterTests.swift in Sources */,
				BC76FA021CCC488800701C15 /* TimerCounterTests.swift in Sources */,
				BC76FA0E1CCD39E800701C15 /* TimerInterval.swift in Sources */,
				BC76FA101CCD3E6700701C15 /* CountHundreathFormatterTests.swift in Sources */,
				BC76FA131CCD48AA00701C15 /* CountHundreathFormatter.swift in Sources */,
				BC81864E1CDE567900763382 /* TimeMinuteSecondHundreathFormatterTests.swift in Sources */,
				BC53D40C1CD51AB300F9C1C3 /* CountHourFormatterTests.swift in Sources */,
				BC8186451CDE544500763382 /* BaseTimeFormatterTests.swift in Sources */,
				BC8186461CDE547000763382 /* BaseTimeFormatter.swift in Sources */,
				BC81864C1CDE562F00763382 /* TimeFormattingProtocol.swift in Sources */,
				BC76FA1D1CCD4A9800701C15 /* CountHourFormatter.swift in Sources */,
				BC8186471CDE55E900763382 /* TimeSecondHundreathFormatter.swift in Sources */,
				BC53D4081CD5173700F9C1C3 /* BaseCountFormatter.swift in Sources */,
				BC76FA031CCC4C6200701C15 /* Timer.swift in Sources */,
				BC53D4051CD505F000F9C1C3 /* CountMinuteFormatterTests.swift in Sources */,
				BC8186491CDE55EF00763382 /* TimeHoureMinuteSecondFormatter.swift in Sources */,
				BC0CA12C1CCBB6C000C89EB9 /* CounterTests.swift in Sources */,
				BC76FA171CCD4A1700701C15 /* CountSecondFormatter.swift in Sources */,
				BC76FA081CCD0DFD00701C15 /* TestSpy.swift in Sources */,
				BC8186481CDE55EC00763382 /* TimeMinuteSecondHundreathFormatter.swift in Sources */,
			);
			runOnlyForDeploymentPostprocessing = 0;
		};
/* End PBXSourcesBuildPhase section */

/* Begin PBXTargetDependency section */
		BC9390431CBFCDDE000A951E /* PBXTargetDependency */ = {
			isa = PBXTargetDependency;
			target = BC93902B1CBFCDDE000A951E /* StopWatchTimer */;
			targetProxy = BC9390421CBFCDDE000A951E /* PBXContainerItemProxy */;
		};
/* End PBXTargetDependency section */

/* Begin PBXVariantGroup section */
		BC9390351CBFCDDE000A951E /* Main.storyboard */ = {
			isa = PBXVariantGroup;
			children = (
				BC9390361CBFCDDE000A951E /* Base */,
			);
			name = Main.storyboard;
			sourceTree = "<group>";
		};
		BC93903A1CBFCDDE000A951E /* LaunchScreen.xib */ = {
			isa = PBXVariantGroup;
			children = (
				BC93903B1CBFCDDE000A951E /* Base */,
			);
			name = LaunchScreen.xib;
			sourceTree = "<group>";
		};
/* End PBXVariantGroup section */

/* Begin XCBuildConfiguration section */
		BC9390491CBFCDDE000A951E /* Debug */ = {
			isa = XCBuildConfiguration;
			buildSettings = {
				ALWAYS_SEARCH_USER_PATHS = NO;
				CLANG_CXX_LANGUAGE_STANDARD = "gnu++0x";
				CLANG_CXX_LIBRARY = "libc++";
				CLANG_ENABLE_MODULES = YES;
				CLANG_ENABLE_OBJC_ARC = YES;
				CLANG_WARN_BOOL_CONVERSION = YES;
				CLANG_WARN_CONSTANT_CONVERSION = YES;
				CLANG_WARN_DIRECT_OBJC_ISA_USAGE = YES_ERROR;
				CLANG_WARN_EMPTY_BODY = YES;
				CLANG_WARN_ENUM_CONVERSION = YES;
				CLANG_WARN_INT_CONVERSION = YES;
				CLANG_WARN_OBJC_ROOT_CLASS = YES_ERROR;
				CLANG_WARN_UNREACHABLE_CODE = YES;
				CLANG_WARN__DUPLICATE_METHOD_MATCH = YES;
				"CODE_SIGN_IDENTITY[sdk=iphoneos*]" = "iPhone Developer";
				COPY_PHASE_STRIP = NO;
				ENABLE_STRICT_OBJC_MSGSEND = YES;
				ENABLE_TESTABILITY = YES;
				GCC_C_LANGUAGE_STANDARD = gnu99;
				GCC_DYNAMIC_NO_PIC = NO;
				GCC_OPTIMIZATION_LEVEL = 0;
				GCC_PREPROCESSOR_DEFINITIONS = (
					"DEBUG=1",
					"$(inherited)",
				);
				GCC_SYMBOLS_PRIVATE_EXTERN = NO;
				GCC_WARN_64_TO_32_BIT_CONVERSION = YES;
				GCC_WARN_ABOUT_RETURN_TYPE = YES_ERROR;
				GCC_WARN_UNDECLARED_SELECTOR = YES;
				GCC_WARN_UNINITIALIZED_AUTOS = YES_AGGRESSIVE;
				GCC_WARN_UNUSED_FUNCTION = YES;
				GCC_WARN_UNUSED_VARIABLE = YES;
				IPHONEOS_DEPLOYMENT_TARGET = 8.2;
				MTL_ENABLE_DEBUG_INFO = YES;
				ONLY_ACTIVE_ARCH = YES;
				SDKROOT = iphoneos;
				SWIFT_OPTIMIZATION_LEVEL = "-Onone";
				TARGETED_DEVICE_FAMILY = "1,2";
			};
			name = Debug;
		};
		BC93904A1CBFCDDE000A951E /* Release */ = {
			isa = XCBuildConfiguration;
			buildSettings = {
				ALWAYS_SEARCH_USER_PATHS = NO;
				CLANG_CXX_LANGUAGE_STANDARD = "gnu++0x";
				CLANG_CXX_LIBRARY = "libc++";
				CLANG_ENABLE_MODULES = YES;
				CLANG_ENABLE_OBJC_ARC = YES;
				CLANG_WARN_BOOL_CONVERSION = YES;
				CLANG_WARN_CONSTANT_CONVERSION = YES;
				CLANG_WARN_DIRECT_OBJC_ISA_USAGE = YES_ERROR;
				CLANG_WARN_EMPTY_BODY = YES;
				CLANG_WARN_ENUM_CONVERSION = YES;
				CLANG_WARN_INT_CONVERSION = YES;
				CLANG_WARN_OBJC_ROOT_CLASS = YES_ERROR;
				CLANG_WARN_UNREACHABLE_CODE = YES;
				CLANG_WARN__DUPLICATE_METHOD_MATCH = YES;
				"CODE_SIGN_IDENTITY[sdk=iphoneos*]" = "iPhone Developer";
				COPY_PHASE_STRIP = NO;
				ENABLE_NS_ASSERTIONS = NO;
				ENABLE_STRICT_OBJC_MSGSEND = YES;
				GCC_C_LANGUAGE_STANDARD = gnu99;
				GCC_WARN_64_TO_32_BIT_CONVERSION = YES;
				GCC_WARN_ABOUT_RETURN_TYPE = YES_ERROR;
				GCC_WARN_UNDECLARED_SELECTOR = YES;
				GCC_WARN_UNINITIALIZED_AUTOS = YES_AGGRESSIVE;
				GCC_WARN_UNUSED_FUNCTION = YES;
				GCC_WARN_UNUSED_VARIABLE = YES;
				IPHONEOS_DEPLOYMENT_TARGET = 8.2;
				MTL_ENABLE_DEBUG_INFO = NO;
				SDKROOT = iphoneos;
				TARGETED_DEVICE_FAMILY = "1,2";
				VALIDATE_PRODUCT = YES;
			};
			name = Release;
		};
		BC93904C1CBFCDDE000A951E /* Debug */ = {
			isa = XCBuildConfiguration;
			buildSettings = {
				ASSETCATALOG_COMPILER_APPICON_NAME = AppIcon;
				INFOPLIST_FILE = StopWatchTimer/Info.plist;
				LD_RUNPATH_SEARCH_PATHS = "$(inherited) @executable_path/Frameworks";
				PRODUCT_BUNDLE_IDENTIFIER = "com.tylerfrmn.$(PRODUCT_NAME:rfc1034identifier)";
				PRODUCT_NAME = "$(TARGET_NAME)";
			};
			name = Debug;
		};
		BC93904D1CBFCDDE000A951E /* Release */ = {
			isa = XCBuildConfiguration;
			buildSettings = {
				ASSETCATALOG_COMPILER_APPICON_NAME = AppIcon;
				INFOPLIST_FILE = StopWatchTimer/Info.plist;
				LD_RUNPATH_SEARCH_PATHS = "$(inherited) @executable_path/Frameworks";
				PRODUCT_BUNDLE_IDENTIFIER = "com.tylerfrmn.$(PRODUCT_NAME:rfc1034identifier)";
				PRODUCT_NAME = "$(TARGET_NAME)";
			};
			name = Release;
		};
		BC93904F1CBFCDDE000A951E /* Debug */ = {
			isa = XCBuildConfiguration;
			buildSettings = {
				BUNDLE_LOADER = "$(TEST_HOST)";
				GCC_PREPROCESSOR_DEFINITIONS = (
					"DEBUG=1",
					"$(inherited)",
				);
				INFOPLIST_FILE = StopWatchTimerTests/Info.plist;
				LD_RUNPATH_SEARCH_PATHS = "$(inherited) @executable_path/Frameworks @loader_path/Frameworks";
				PRODUCT_BUNDLE_IDENTIFIER = "com.tylerfrmn.$(PRODUCT_NAME:rfc1034identifier)";
				PRODUCT_NAME = "$(TARGET_NAME)";
				TEST_HOST = "$(BUILT_PRODUCTS_DIR)/StopWatchTimer.app/StopWatchTimer";
			};
			name = Debug;
		};
		BC9390501CBFCDDE000A951E /* Release */ = {
			isa = XCBuildConfiguration;
			buildSettings = {
				BUNDLE_LOADER = "$(TEST_HOST)";
				INFOPLIST_FILE = StopWatchTimerTests/Info.plist;
				LD_RUNPATH_SEARCH_PATHS = "$(inherited) @executable_path/Frameworks @loader_path/Frameworks";
				PRODUCT_BUNDLE_IDENTIFIER = "com.tylerfrmn.$(PRODUCT_NAME:rfc1034identifier)";
				PRODUCT_NAME = "$(TARGET_NAME)";
				TEST_HOST = "$(BUILT_PRODUCTS_DIR)/StopWatchTimer.app/StopWatchTimer";
			};
			name = Release;
		};
/* End XCBuildConfiguration section */

/* Begin XCConfigurationList section */
		BC9390271CBFCDDE000A951E /* Build configuration list for PBXProject "StopWatchTimer" */ = {
			isa = XCConfigurationList;
			buildConfigurations = (
				BC9390491CBFCDDE000A951E /* Debug */,
				BC93904A1CBFCDDE000A951E /* Release */,
			);
			defaultConfigurationIsVisible = 0;
			defaultConfigurationName = Release;
		};
		BC93904B1CBFCDDE000A951E /* Build configuration list for PBXNativeTarget "StopWatchTimer" */ = {
			isa = XCConfigurationList;
			buildConfigurations = (
				BC93904C1CBFCDDE000A951E /* Debug */,
				BC93904D1CBFCDDE000A951E /* Release */,
			);
			defaultConfigurationIsVisible = 0;
			defaultConfigurationName = Release;
		};
		BC93904E1CBFCDDE000A951E /* Build configuration list for PBXNativeTarget "StopWatchTimerTests" */ = {
			isa = XCConfigurationList;
			buildConfigurations = (
				BC93904F1CBFCDDE000A951E /* Debug */,
				BC9390501CBFCDDE000A951E /* Release */,
			);
			defaultConfigurationIsVisible = 0;
			defaultConfigurationName = Release;
		};
/* End XCConfigurationList section */
	};
	rootObject = BC9390241CBFCDDE000A951E /* Project object */;
}
